
Microsoft Visual Studio Solution File, Format Version 12.00
# Visual Studio Version 16
VisualStudioVersion = 16.0.30114.105
MinimumVisualStudioVersion = 10.0.40219.1
Project("{9A19103F-16F7-4668-BE54-9A1E7A4F7556}") = "UOM.Specs", "Specifications\UOM.Specs\UOM.Specs.csproj", "{E433BCD8-F152-4C80-8EA0-D03343075FF7}"
EndProject
Project("{2150E333-8FDC-42A3-9474-1A3956D46DE8}") = "Specifications", "Specifications", "{1CE3E285-806E-4DA1-9966-03ACA7D5D9F5}"
EndProject
Project("{9A19103F-16F7-4668-BE54-9A1E7A4F7556}") = "UOM.Domain", "src\code\UOM.Domain\UOM.Domain.csproj", "{8739FEBE-E966-4D96-95C7-173C3761F37F}"
EndProject
Project("{2150E333-8FDC-42A3-9474-1A3956D46DE8}") = "src", "src", "{CCA5B866-AEC8-46BF-97CF-7F62748AEEFF}"
EndProject
Project("{2150E333-8FDC-42A3-9474-1A3956D46DE8}") = "code", "code", "{DFD9C43B-5FFC-4571-9A28-37D143E2133E}"
EndProject
Project("{2150E333-8FDC-42A3-9474-1A3956D46DE8}") = "test", "test", "{5906CA96-9E24-43D1-99AC-7B8C5BA4C87F}"
EndProject
Project("{9A19103F-16F7-4668-BE54-9A1E7A4F7556}") = "UOM.Domain.Tests.Unit", "src\test\UOM.Domain.Tests.Unit\UOM.Domain.Tests.Unit.csproj", "{B343AEFF-64E0-48A7-93B8-8AE648321EDA}"
EndProject
Project("{2150E333-8FDC-42A3-9474-1A3956D46DE8}") = "Domain", "Domain", "{3AA53691-74F6-405C-A7FC-673912242DD6}"
EndProject
Project("{2150E333-8FDC-42A3-9474-1A3956D46DE8}") = "Application", "Application", "{3A40896E-98A0-45BA-865D-0F8759F2613D}"
EndProject
Project("{9A19103F-16F7-4668-BE54-9A1E7A4F7556}") = "UOM.Application", "src\code\UOM.Application\UOM.Application.csproj", "{69181BCE-E624-4697-A5EA-4A5A53872226}"
EndProject
Project("{9A19103F-16F7-4668-BE54-9A1E7A4F7556}") = "UOM.Application.Tests.Unit", "src\test\UOM.Application.Tests.Unit\UOM.Application.Tests.Unit.csproj", "{AD2CDF7A-E2C1-48A3-8EAF-5ECB0D9480B1}"
EndProject
Project("{2150E333-8FDC-42A3-9474-1A3956D46DE8}") = "Infrastructure", "Infrastructure", "{F20695C4-9F9F-4C06-8C2F-5BC17FED07D7}"
EndProject
Project("{9A19103F-16F7-4668-BE54-9A1E7A4F7556}") = "UOM.Persistence.EF", "src\code\UOM.Persistence.EF\UOM.Persistence.EF.csproj", "{23238707-A150-4F45-BABB-9A8B0B1E12D4}"
EndProject
Project("{2150E333-8FDC-42A3-9474-1A3956D46DE8}") = "Units", "Units", "{0865200B-CC7B-46A4-B39A-CDF0B394A124}"
EndProject
Project("{2150E333-8FDC-42A3-9474-1A3956D46DE8}") = "Integrations", "Integrations", "{7E4DBFAB-F56A-4035-A94B-8D2ACDC4BFDF}"
EndProject
Project("{FAE04EC0-301F-11D3-BF4B-00C04F79EFBC}") = "UOM.Application.Tests.Integration", "src\test\UOM.Application.Tests.Integration\UOM.Application.Tests.Integration.csproj", "{E1F2DEB1-EEBA-4DCA-8436-123A634A68F7}"
EndProject
Global
	GlobalSection(SolutionConfigurationPlatforms) = preSolution
		Debug|Any CPU = Debug|Any CPU
		Debug|x64 = Debug|x64
		Debug|x86 = Debug|x86
		Release|Any CPU = Release|Any CPU
		Release|x64 = Release|x64
		Release|x86 = Release|x86
	EndGlobalSection
	GlobalSection(ProjectConfigurationPlatforms) = postSolution
		{E433BCD8-F152-4C80-8EA0-D03343075FF7}.Debug|Any CPU.ActiveCfg = Debug|Any CPU
		{E433BCD8-F152-4C80-8EA0-D03343075FF7}.Debug|Any CPU.Build.0 = Debug|Any CPU
		{E433BCD8-F152-4C80-8EA0-D03343075FF7}.Debug|x64.ActiveCfg = Debug|Any CPU
		{E433BCD8-F152-4C80-8EA0-D03343075FF7}.Debug|x64.Build.0 = Debug|Any CPU
		{E433BCD8-F152-4C80-8EA0-D03343075FF7}.Debug|x86.ActiveCfg = Debug|Any CPU
		{E433BCD8-F152-4C80-8EA0-D03343075FF7}.Debug|x86.Build.0 = Debug|Any CPU
		{E433BCD8-F152-4C80-8EA0-D03343075FF7}.Release|Any CPU.ActiveCfg = Release|Any CPU
		{E433BCD8-F152-4C80-8EA0-D03343075FF7}.Release|Any CPU.Build.0 = Release|Any CPU
		{E433BCD8-F152-4C80-8EA0-D03343075FF7}.Release|x64.ActiveCfg = Release|Any CPU
		{E433BCD8-F152-4C80-8EA0-D03343075FF7}.Release|x64.Build.0 = Release|Any CPU
		{E433BCD8-F152-4C80-8EA0-D03343075FF7}.Release|x86.ActiveCfg = Release|Any CPU
		{E433BCD8-F152-4C80-8EA0-D03343075FF7}.Release|x86.Build.0 = Release|Any CPU
		{8739FEBE-E966-4D96-95C7-173C3761F37F}.Debug|Any CPU.ActiveCfg = Debug|Any CPU
		{8739FEBE-E966-4D96-95C7-173C3761F37F}.Debug|Any CPU.Build.0 = Debug|Any CPU
		{8739FEBE-E966-4D96-95C7-173C3761F37F}.Debug|x64.ActiveCfg = Debug|Any CPU
		{8739FEBE-E966-4D96-95C7-173C3761F37F}.Debug|x64.Build.0 = Debug|Any CPU
		{8739FEBE-E966-4D96-95C7-173C3761F37F}.Debug|x86.ActiveCfg = Debug|Any CPU
		{8739FEBE-E966-4D96-95C7-173C3761F37F}.Debug|x86.Build.0 = Debug|Any CPU
		{8739FEBE-E966-4D96-95C7-173C3761F37F}.Release|Any CPU.ActiveCfg = Release|Any CPU
		{8739FEBE-E966-4D96-95C7-173C3761F37F}.Release|Any CPU.Build.0 = Release|Any CPU
		{8739FEBE-E966-4D96-95C7-173C3761F37F}.Release|x64.ActiveCfg = Release|Any CPU
		{8739FEBE-E966-4D96-95C7-173C3761F37F}.Release|x64.Build.0 = Release|Any CPU
		{8739FEBE-E966-4D96-95C7-173C3761F37F}.Release|x86.ActiveCfg = Release|Any CPU
		{8739FEBE-E966-4D96-95C7-173C3761F37F}.Release|x86.Build.0 = Release|Any CPU
		{B343AEFF-64E0-48A7-93B8-8AE648321EDA}.Debug|Any CPU.ActiveCfg = Debug|Any CPU
		{B343AEFF-64E0-48A7-93B8-8AE648321EDA}.Debug|Any CPU.Build.0 = Debug|Any CPU
		{B343AEFF-64E0-48A7-93B8-8AE648321EDA}.Debug|x64.ActiveCfg = Debug|Any CPU
		{B343AEFF-64E0-48A7-93B8-8AE648321EDA}.Debug|x64.Build.0 = Debug|Any CPU
		{B343AEFF-64E0-48A7-93B8-8AE648321EDA}.Debug|x86.ActiveCfg = Debug|Any CPU
		{B343AEFF-64E0-48A7-93B8-8AE648321EDA}.Debug|x86.Build.0 = Debug|Any CPU
		{B343AEFF-64E0-48A7-93B8-8AE648321EDA}.Release|Any CPU.ActiveCfg = Release|Any CPU
		{B343AEFF-64E0-48A7-93B8-8AE648321EDA}.Release|Any CPU.Build.0 = Release|Any CPU
		{B343AEFF-64E0-48A7-93B8-8AE648321EDA}.Release|x64.ActiveCfg = Release|Any CPU
		{B343AEFF-64E0-48A7-93B8-8AE648321EDA}.Release|x64.Build.0 = Release|Any CPU
		{B343AEFF-64E0-48A7-93B8-8AE648321EDA}.Release|x86.ActiveCfg = Release|Any CPU
		{B343AEFF-64E0-48A7-93B8-8AE648321EDA}.Release|x86.Build.0 = Release|Any CPU
		{69181BCE-E624-4697-A5EA-4A5A53872226}.Debug|Any CPU.ActiveCfg = Debug|Any CPU
		{69181BCE-E624-4697-A5EA-4A5A53872226}.Debug|Any CPU.Build.0 = Debug|Any CPU
		{69181BCE-E624-4697-A5EA-4A5A53872226}.Debug|x64.ActiveCfg = Debug|Any CPU
		{69181BCE-E624-4697-A5EA-4A5A53872226}.Debug|x64.Build.0 = Debug|Any CPU
		{69181BCE-E624-4697-A5EA-4A5A53872226}.Debug|x86.ActiveCfg = Debug|Any CPU
		{69181BCE-E624-4697-A5EA-4A5A53872226}.Debug|x86.Build.0 = Debug|Any CPU
		{69181BCE-E624-4697-A5EA-4A5A53872226}.Release|Any CPU.ActiveCfg = Release|Any CPU
		{69181BCE-E624-4697-A5EA-4A5A53872226}.Release|Any CPU.Build.0 = Release|Any CPU
		{69181BCE-E624-4697-A5EA-4A5A53872226}.Release|x64.ActiveCfg = Release|Any CPU
		{69181BCE-E624-4697-A5EA-4A5A53872226}.Release|x64.Build.0 = Release|Any CPU
		{69181BCE-E624-4697-A5EA-4A5A53872226}.Release|x86.ActiveCfg = Release|Any CPU
		{69181BCE-E624-4697-A5EA-4A5A53872226}.Release|x86.Build.0 = Release|Any CPU
		{AD2CDF7A-E2C1-48A3-8EAF-5ECB0D9480B1}.Debug|Any CPU.ActiveCfg = Debug|Any CPU
		{AD2CDF7A-E2C1-48A3-8EAF-5ECB0D9480B1}.Debug|Any CPU.Build.0 = Debug|Any CPU
		{AD2CDF7A-E2C1-48A3-8EAF-5ECB0D9480B1}.Debug|x64.ActiveCfg = Debug|Any CPU
		{AD2CDF7A-E2C1-48A3-8EAF-5ECB0D9480B1}.Debug|x64.Build.0 = Debug|Any CPU
		{AD2CDF7A-E2C1-48A3-8EAF-5ECB0D9480B1}.Debug|x86.ActiveCfg = Debug|Any CPU
		{AD2CDF7A-E2C1-48A3-8EAF-5ECB0D9480B1}.Debug|x86.Build.0 = Debug|Any CPU
		{AD2CDF7A-E2C1-48A3-8EAF-5ECB0D9480B1}.Release|Any CPU.ActiveCfg = Release|Any CPU
		{AD2CDF7A-E2C1-48A3-8EAF-5ECB0D9480B1}.Release|Any CPU.Build.0 = Release|Any CPU
		{AD2CDF7A-E2C1-48A3-8EAF-5ECB0D9480B1}.Release|x64.ActiveCfg = Release|Any CPU
		{AD2CDF7A-E2C1-48A3-8EAF-5ECB0D9480B1}.Release|x64.Build.0 = Release|Any CPU
		{AD2CDF7A-E2C1-48A3-8EAF-5ECB0D9480B1}.Release|x86.ActiveCfg = Release|Any CPU
		{AD2CDF7A-E2C1-48A3-8EAF-5ECB0D9480B1}.Release|x86.Build.0 = Release|Any CPU
		{23238707-A150-4F45-BABB-9A8B0B1E12D4}.Debug|Any CPU.ActiveCfg = Debug|Any CPU
		{23238707-A150-4F45-BABB-9A8B0B1E12D4}.Debug|Any CPU.Build.0 = Debug|Any CPU
		{23238707-A150-4F45-BABB-9A8B0B1E12D4}.Debug|x64.ActiveCfg = Debug|Any CPU
		{23238707-A150-4F45-BABB-9A8B0B1E12D4}.Debug|x64.Build.0 = Debug|Any CPU
		{23238707-A150-4F45-BABB-9A8B0B1E12D4}.Debug|x86.ActiveCfg = Debug|Any CPU
		{23238707-A150-4F45-BABB-9A8B0B1E12D4}.Debug|x86.Build.0 = Debug|Any CPU
		{23238707-A150-4F45-BABB-9A8B0B1E12D4}.Release|Any CPU.ActiveCfg = Release|Any CPU
		{23238707-A150-4F45-BABB-9A8B0B1E12D4}.Release|Any CPU.Build.0 = Release|Any CPU
		{23238707-A150-4F45-BABB-9A8B0B1E12D4}.Release|x64.ActiveCfg = Release|Any CPU
		{23238707-A150-4F45-BABB-9A8B0B1E12D4}.Release|x64.Build.0 = Release|Any CPU
		{23238707-A150-4F45-BABB-9A8B0B1E12D4}.Release|x86.ActiveCfg = Release|Any CPU
		{23238707-A150-4F45-BABB-9A8B0B1E12D4}.Release|x86.Build.0 = Release|Any CPU
		{E1F2DEB1-EEBA-4DCA-8436-123A634A68F7}.Debug|Any CPU.ActiveCfg = Debug|Any CPU
		{E1F2DEB1-EEBA-4DCA-8436-123A634A68F7}.Debug|Any CPU.Build.0 = Debug|Any CPU
		{E1F2DEB1-EEBA-4DCA-8436-123A634A68F7}.Debug|x64.ActiveCfg = Debug|Any CPU
		{E1F2DEB1-EEBA-4DCA-8436-123A634A68F7}.Debug|x64.Build.0 = Debug|Any CPU
		{E1F2DEB1-EEBA-4DCA-8436-123A634A68F7}.Debug|x86.ActiveCfg = Debug|Any CPU
		{E1F2DEB1-EEBA-4DCA-8436-123A634A68F7}.Debug|x86.Build.0 = Debug|Any CPU
		{E1F2DEB1-EEBA-4DCA-8436-123A634A68F7}.Release|Any CPU.ActiveCfg = Release|Any CPU
		{E1F2DEB1-EEBA-4DCA-8436-123A634A68F7}.Release|Any CPU.Build.0 = Release|Any CPU
		{E1F2DEB1-EEBA-4DCA-8436-123A634A68F7}.Release|x64.ActiveCfg = Release|Any CPU
		{E1F2DEB1-EEBA-4DCA-8436-123A634A68F7}.Release|x64.Build.0 = Release|Any CPU
		{E1F2DEB1-EEBA-4DCA-8436-123A634A68F7}.Release|x86.ActiveCfg = Release|Any CPU
		{E1F2DEB1-EEBA-4DCA-8436-123A634A68F7}.Release|x86.Build.0 = Release|Any CPU
	EndGlobalSection
	GlobalSection(SolutionProperties) = preSolution
		HideSolutionNode = FALSE
	EndGlobalSection
	GlobalSection(NestedProjects) = preSolution
		{E433BCD8-F152-4C80-8EA0-D03343075FF7} = {1CE3E285-806E-4DA1-9966-03ACA7D5D9F5}
		{8739FEBE-E966-4D96-95C7-173C3761F37F} = {3AA53691-74F6-405C-A7FC-673912242DD6}
		{DFD9C43B-5FFC-4571-9A28-37D143E2133E} = {CCA5B866-AEC8-46BF-97CF-7F62748AEEFF}
		{5906CA96-9E24-43D1-99AC-7B8C5BA4C87F} = {CCA5B866-AEC8-46BF-97CF-7F62748AEEFF}
		{B343AEFF-64E0-48A7-93B8-8AE648321EDA} = {0865200B-CC7B-46A4-B39A-CDF0B394A124}
		{3AA53691-74F6-405C-A7FC-673912242DD6} = {DFD9C43B-5FFC-4571-9A28-37D143E2133E}
		{3A40896E-98A0-45BA-865D-0F8759F2613D} = {DFD9C43B-5FFC-4571-9A28-37D143E2133E}
		{69181BCE-E624-4697-A5EA-4A5A53872226} = {3A40896E-98A0-45BA-865D-0F8759F2613D}
		{AD2CDF7A-E2C1-48A3-8EAF-5ECB0D9480B1} = {0865200B-CC7B-46A4-B39A-CDF0B394A124}
		{F20695C4-9F9F-4C06-8C2F-5BC17FED07D7} = {DFD9C43B-5FFC-4571-9A28-37D143E2133E}
		{23238707-A150-4F45-BABB-9A8B0B1E12D4} = {F20695C4-9F9F-4C06-8C2F-5BC17FED07D7}
		{0865200B-CC7B-46A4-B39A-CDF0B394A124} = {5906CA96-9E24-43D1-99AC-7B8C5BA4C87F}
		{7E4DBFAB-F56A-4035-A94B-8D2ACDC4BFDF} = {5906CA96-9E24-43D1-99AC-7B8C5BA4C87F}
		{E1F2DEB1-EEBA-4DCA-8436-123A634A68F7} = {7E4DBFAB-F56A-4035-A94B-8D2ACDC4BFDF}
	EndGlobalSection
	GlobalSection(ExtensibilityGlobals) = postSolution
		SolutionGuid = {C0F17A66-CCC5-4DC5-AF55-7D2BC8ABBA85}
	EndGlobalSection
EndGlobal
