
Microsoft Visual Studio Solution File, Format Version 12.00
# Visual Studio Version 16
VisualStudioVersion = 16.0.30114.105
MinimumVisualStudioVersion = 10.0.40219.1
Project("{9A19103F-16F7-4668-BE54-9A1E7A4F7556}") = "UOM.Specs", "UOM.Specs\UOM.Specs.csproj", "{A08D489C-6F27-4A2B-9CEA-15EFDDD7C38D}"
EndProject
Project("{2150E333-8FDC-42A3-9474-1A3956D46DE8}") = "Screenplay.Framework", "Screenplay.Framework", "{F9544C97-4FF4-4DB2-8139-154243465AE9}"
EndProject
Project("{2150E333-8FDC-42A3-9474-1A3956D46DE8}") = "code", "code", "{E169DAE0-7A36-4BD2-A9FB-15EF9D7AC971}"
EndProject
Project("{2150E333-8FDC-42A3-9474-1A3956D46DE8}") = "tests", "tests", "{708B9F9E-BF37-4D79-85DD-FDDD5E003D1B}"
EndProject
Project("{9A19103F-16F7-4668-BE54-9A1E7A4F7556}") = "Screenplay.Core", "Screenplay.Framework\code\Screenplay.Core\Screenplay.Core.csproj", "{1020A6A2-87B4-4FD9-BB08-8A507E735A86}"
EndProject
Project("{9A19103F-16F7-4668-BE54-9A1E7A4F7556}") = "Screenplay.Core.Tests.Unit", "Screenplay.Framework\tests\Screenplay.Core.Tests.Unit\Screenplay.Core.Tests.Unit.csproj", "{1B849970-79D1-4F03-8337-C4B30A3CC864}"
EndProject
Project("{FAE04EC0-301F-11D3-BF4B-00C04F79EFBC}") = "Screenplay.Rest", "Screenplay.Framework\code\Screenplay.Rest\Screenplay.Rest.csproj", "{1FC6400C-255D-4D89-AB8C-BA8FB0D923D0}"
EndProject
Project("{FAE04EC0-301F-11D3-BF4B-00C04F79EFBC}") = "Screenplay.Rest.Tests.Unit", "Screenplay.Framework\tests\Screenplay.Rest.Tests.Unit\Screenplay.Rest.Tests.Unit.csproj", "{9955544F-4687-4CCD-9AB1-7478B03EA91F}"
EndProject
Global
	GlobalSection(SolutionConfigurationPlatforms) = preSolution
		Debug|Any CPU = Debug|Any CPU
		Debug|x64 = Debug|x64
		Debug|x86 = Debug|x86
		Release|Any CPU = Release|Any CPU
		Release|x64 = Release|x64
		Release|x86 = Release|x86
	EndGlobalSection
	GlobalSection(ProjectConfigurationPlatforms) = postSolution
		{A08D489C-6F27-4A2B-9CEA-15EFDDD7C38D}.Debug|Any CPU.ActiveCfg = Debug|Any CPU
		{A08D489C-6F27-4A2B-9CEA-15EFDDD7C38D}.Debug|Any CPU.Build.0 = Debug|Any CPU
		{A08D489C-6F27-4A2B-9CEA-15EFDDD7C38D}.Debug|x64.ActiveCfg = Debug|Any CPU
		{A08D489C-6F27-4A2B-9CEA-15EFDDD7C38D}.Debug|x64.Build.0 = Debug|Any CPU
		{A08D489C-6F27-4A2B-9CEA-15EFDDD7C38D}.Debug|x86.ActiveCfg = Debug|Any CPU
		{A08D489C-6F27-4A2B-9CEA-15EFDDD7C38D}.Debug|x86.Build.0 = Debug|Any CPU
		{A08D489C-6F27-4A2B-9CEA-15EFDDD7C38D}.Release|Any CPU.ActiveCfg = Release|Any CPU
		{A08D489C-6F27-4A2B-9CEA-15EFDDD7C38D}.Release|Any CPU.Build.0 = Release|Any CPU
		{A08D489C-6F27-4A2B-9CEA-15EFDDD7C38D}.Release|x64.ActiveCfg = Release|Any CPU
		{A08D489C-6F27-4A2B-9CEA-15EFDDD7C38D}.Release|x64.Build.0 = Release|Any CPU
		{A08D489C-6F27-4A2B-9CEA-15EFDDD7C38D}.Release|x86.ActiveCfg = Release|Any CPU
		{A08D489C-6F27-4A2B-9CEA-15EFDDD7C38D}.Release|x86.Build.0 = Release|Any CPU
		{1020A6A2-87B4-4FD9-BB08-8A507E735A86}.Debug|Any CPU.ActiveCfg = Debug|Any CPU
		{1020A6A2-87B4-4FD9-BB08-8A507E735A86}.Debug|Any CPU.Build.0 = Debug|Any CPU
		{1020A6A2-87B4-4FD9-BB08-8A507E735A86}.Debug|x64.ActiveCfg = Debug|Any CPU
		{1020A6A2-87B4-4FD9-BB08-8A507E735A86}.Debug|x64.Build.0 = Debug|Any CPU
		{1020A6A2-87B4-4FD9-BB08-8A507E735A86}.Debug|x86.ActiveCfg = Debug|Any CPU
		{1020A6A2-87B4-4FD9-BB08-8A507E735A86}.Debug|x86.Build.0 = Debug|Any CPU
		{1020A6A2-87B4-4FD9-BB08-8A507E735A86}.Release|Any CPU.ActiveCfg = Release|Any CPU
		{1020A6A2-87B4-4FD9-BB08-8A507E735A86}.Release|Any CPU.Build.0 = Release|Any CPU
		{1020A6A2-87B4-4FD9-BB08-8A507E735A86}.Release|x64.ActiveCfg = Release|Any CPU
		{1020A6A2-87B4-4FD9-BB08-8A507E735A86}.Release|x64.Build.0 = Release|Any CPU
		{1020A6A2-87B4-4FD9-BB08-8A507E735A86}.Release|x86.ActiveCfg = Release|Any CPU
		{1020A6A2-87B4-4FD9-BB08-8A507E735A86}.Release|x86.Build.0 = Release|Any CPU
		{1B849970-79D1-4F03-8337-C4B30A3CC864}.Debug|Any CPU.ActiveCfg = Debug|Any CPU
		{1B849970-79D1-4F03-8337-C4B30A3CC864}.Debug|Any CPU.Build.0 = Debug|Any CPU
		{1B849970-79D1-4F03-8337-C4B30A3CC864}.Debug|x64.ActiveCfg = Debug|Any CPU
		{1B849970-79D1-4F03-8337-C4B30A3CC864}.Debug|x64.Build.0 = Debug|Any CPU
		{1B849970-79D1-4F03-8337-C4B30A3CC864}.Debug|x86.ActiveCfg = Debug|Any CPU
		{1B849970-79D1-4F03-8337-C4B30A3CC864}.Debug|x86.Build.0 = Debug|Any CPU
		{1B849970-79D1-4F03-8337-C4B30A3CC864}.Release|Any CPU.ActiveCfg = Release|Any CPU
		{1B849970-79D1-4F03-8337-C4B30A3CC864}.Release|Any CPU.Build.0 = Release|Any CPU
		{1B849970-79D1-4F03-8337-C4B30A3CC864}.Release|x64.ActiveCfg = Release|Any CPU
		{1B849970-79D1-4F03-8337-C4B30A3CC864}.Release|x64.Build.0 = Release|Any CPU
		{1B849970-79D1-4F03-8337-C4B30A3CC864}.Release|x86.ActiveCfg = Release|Any CPU
		{1B849970-79D1-4F03-8337-C4B30A3CC864}.Release|x86.Build.0 = Release|Any CPU
		{1FC6400C-255D-4D89-AB8C-BA8FB0D923D0}.Debug|Any CPU.ActiveCfg = Debug|Any CPU
		{1FC6400C-255D-4D89-AB8C-BA8FB0D923D0}.Debug|Any CPU.Build.0 = Debug|Any CPU
		{1FC6400C-255D-4D89-AB8C-BA8FB0D923D0}.Debug|x64.ActiveCfg = Debug|Any CPU
		{1FC6400C-255D-4D89-AB8C-BA8FB0D923D0}.Debug|x64.Build.0 = Debug|Any CPU
		{1FC6400C-255D-4D89-AB8C-BA8FB0D923D0}.Debug|x86.ActiveCfg = Debug|Any CPU
		{1FC6400C-255D-4D89-AB8C-BA8FB0D923D0}.Debug|x86.Build.0 = Debug|Any CPU
		{1FC6400C-255D-4D89-AB8C-BA8FB0D923D0}.Release|Any CPU.ActiveCfg = Release|Any CPU
		{1FC6400C-255D-4D89-AB8C-BA8FB0D923D0}.Release|Any CPU.Build.0 = Release|Any CPU
		{1FC6400C-255D-4D89-AB8C-BA8FB0D923D0}.Release|x64.ActiveCfg = Release|Any CPU
		{1FC6400C-255D-4D89-AB8C-BA8FB0D923D0}.Release|x64.Build.0 = Release|Any CPU
		{1FC6400C-255D-4D89-AB8C-BA8FB0D923D0}.Release|x86.ActiveCfg = Release|Any CPU
		{1FC6400C-255D-4D89-AB8C-BA8FB0D923D0}.Release|x86.Build.0 = Release|Any CPU
		{9955544F-4687-4CCD-9AB1-7478B03EA91F}.Debug|Any CPU.ActiveCfg = Debug|Any CPU
		{9955544F-4687-4CCD-9AB1-7478B03EA91F}.Debug|Any CPU.Build.0 = Debug|Any CPU
		{9955544F-4687-4CCD-9AB1-7478B03EA91F}.Debug|x64.ActiveCfg = Debug|Any CPU
		{9955544F-4687-4CCD-9AB1-7478B03EA91F}.Debug|x64.Build.0 = Debug|Any CPU
		{9955544F-4687-4CCD-9AB1-7478B03EA91F}.Debug|x86.ActiveCfg = Debug|Any CPU
		{9955544F-4687-4CCD-9AB1-7478B03EA91F}.Debug|x86.Build.0 = Debug|Any CPU
		{9955544F-4687-4CCD-9AB1-7478B03EA91F}.Release|Any CPU.ActiveCfg = Release|Any CPU
		{9955544F-4687-4CCD-9AB1-7478B03EA91F}.Release|Any CPU.Build.0 = Release|Any CPU
		{9955544F-4687-4CCD-9AB1-7478B03EA91F}.Release|x64.ActiveCfg = Release|Any CPU
		{9955544F-4687-4CCD-9AB1-7478B03EA91F}.Release|x64.Build.0 = Release|Any CPU
		{9955544F-4687-4CCD-9AB1-7478B03EA91F}.Release|x86.ActiveCfg = Release|Any CPU
		{9955544F-4687-4CCD-9AB1-7478B03EA91F}.Release|x86.Build.0 = Release|Any CPU
	EndGlobalSection
	GlobalSection(SolutionProperties) = preSolution
		HideSolutionNode = FALSE
	EndGlobalSection
	GlobalSection(NestedProjects) = preSolution
		{E169DAE0-7A36-4BD2-A9FB-15EF9D7AC971} = {F9544C97-4FF4-4DB2-8139-154243465AE9}
		{708B9F9E-BF37-4D79-85DD-FDDD5E003D1B} = {F9544C97-4FF4-4DB2-8139-154243465AE9}
		{1020A6A2-87B4-4FD9-BB08-8A507E735A86} = {E169DAE0-7A36-4BD2-A9FB-15EF9D7AC971}
		{1B849970-79D1-4F03-8337-C4B30A3CC864} = {708B9F9E-BF37-4D79-85DD-FDDD5E003D1B}
		{1FC6400C-255D-4D89-AB8C-BA8FB0D923D0} = {E169DAE0-7A36-4BD2-A9FB-15EF9D7AC971}
		{9955544F-4687-4CCD-9AB1-7478B03EA91F} = {708B9F9E-BF37-4D79-85DD-FDDD5E003D1B}
	EndGlobalSection
	GlobalSection(ExtensibilityGlobals) = postSolution
		SolutionGuid = {57790A98-E3CA-438B-B123-645887D4A54F}
	EndGlobalSection
EndGlobal
